# This file is automatically @generated by rv.
# It is not intended for manual editing.
version = 2
r_version = "4.6"

[[packages]]
name = "R6"
version = "2.6.1"
source = { repository = "https://packagemanager.posit.co/cran/latest" }
force_source = false
dependencies = []

[[packages]]
name = "RColorBrewer"
version = "1.1-3"
source = { repository = "https://packagemanager.posit.co/cran/latest" }
force_source = false
dependencies = []

[[packages]]
name = "S7"
version = "0.2.2"
source = { repository = "https://packagemanager.posit.co/cran/latest" }
force_source = false
dependencies = []

[[packages]]
name = "backports"
version = "1.5.1"
source = { repository = "https://packagemanager.posit.co/cran/latest" }
force_source = false
dependencies = []

[[packages]]
name = "base64enc"
version = "0.1-6"
source = { repository = "https://packagemanager.posit.co/cran/latest" }
force_source = false
dependencies = []

[[packages]]
name = "bayestestR"
version = "0.18.1"
source = { repository = "https://packagemanager.posit.co/cran/latest" }
force_source = false
dependencies = [
    { name = "insight", requirement = "(>= 1.5.0.6)" },
    { name = "datawizard", requirement = "(>= 1.3.1)" },
]

[[packages]]
name = "bslib"
version = "0.11.0"
source = { repository = "https://packagemanager.posit.co/cran/latest" }
force_source = false
dependencies = [
    "base64enc",
    "cachem",
    { name = "fastmap", requirement = "(>= 1.1.1)" },
    { name = "htmltools", requirement = "(>= 0.5.8)" },
    { name = "jquerylib", requirement = "(>= 0.1.3)" },
    "jsonlite",
    "lifecycle",
    { name = "memoise", requirement = "(>= 2.0.1)" },
    "mime",
    "rlang",
    { name = "sass", requirement = "(>= 0.4.9)" },
]

[[packages]]
name = "cachem"
version = "1.1.0"
source = { repository = "https://packagemanager.posit.co/cran/latest" }
force_source = false
dependencies = [
    "rlang",
    { name = "fastmap", requirement = "(>= 1.2.0)" },
]

[[packages]]
name = "checkmate"
version = "2.3.4"
source = { repository = "https://packagemanager.posit.co/cran/latest" }
force_source = false
dependencies = [
    { name = "backports", requirement = "(>= 1.1.0)" },
]

[[packages]]
name = "cli"
version = "3.6.6"
source = { repository = "https://packagemanager.posit.co/cran/latest" }
force_source = false
dependencies = []

[[packages]]
name = "cpp11"
version = "0.5.5"
source = { repository = "https://packagemanager.posit.co/cran/latest" }
force_source = false
dependencies = []

[[packages]]
name = "data.table"
version = "1.18.4"
source = { repository = "https://packagemanager.posit.co/cran/latest" }
force_source = false
dependencies = []

[[packages]]
name = "datawizard"
version = "1.3.1"
source = { repository = "https://packagemanager.posit.co/cran/latest" }
force_source = false
dependencies = [
    { name = "insight", requirement = "(>= 1.4.6)" },
]

[[packages]]
name = "digest"
version = "0.6.39"
source = { repository = "https://packagemanager.posit.co/cran/latest" }
force_source = false
dependencies = []

[[packages]]
name = "dplyr"
version = "1.2.1"
source = { repository = "https://packagemanager.posit.co/cran/latest" }
force_source = false
dependencies = [
    { name = "cli", requirement = "(>= 3.6.2)" },
    "generics",
    { name = "glue", requirement = "(>= 1.3.2)" },
    { name = "lifecycle", requirement = "(>= 1.0.5)" },
    { name = "magrittr", requirement = "(>= 1.5)" },
    { name = "pillar", requirement = "(>= 1.9.0)" },
    "R6",
    { name = "rlang", requirement = "(>= 1.1.7)" },
    { name = "tibble", requirement = "(>= 3.2.0)" },
    { name = "tidyselect", requirement = "(>= 1.2.0)" },
    { name = "vctrs", requirement = "(>= 0.7.1)" },
]

[[packages]]
name = "evaluate"
version = "1.0.5"
source = { repository = "https://packagemanager.posit.co/cran/latest" }
force_source = false
dependencies = []

[[packages]]
name = "farver"
version = "2.1.2"
source = { repository = "https://packagemanager.posit.co/cran/latest" }
force_source = false
dependencies = []

[[packages]]
name = "fastmap"
version = "1.2.0"
source = { repository = "https://packagemanager.posit.co/cran/latest" }
force_source = false
dependencies = []

[[packages]]
name = "fontawesome"
version = "0.5.3"
source = { repository = "https://packagemanager.posit.co/cran/latest" }
force_source = false
dependencies = [
    { name = "rlang", requirement = "(>= 1.0.6)" },
    { name = "htmltools", requirement = "(>= 0.5.1.1)" },
]

[[packages]]
name = "fs"
version = "2.1.0"
source = { repository = "https://packagemanager.posit.co/cran/latest" }
force_source = false
dependencies = []

[[packages]]
name = "generics"
version = "0.1.4"
source = { repository = "https://packagemanager.posit.co/cran/latest" }
force_source = false
dependencies = []

[[packages]]
name = "ggplot2"
version = "4.0.3"
source = { repository = "https://packagemanager.posit.co/cran/latest" }
force_source = false
dependencies = [
    "cli",
    { name = "gtable", requirement = "(>= 0.3.6)" },
    "isoband",
    { name = "lifecycle", requirement = "(> 1.0.1)" },
    { name = "rlang", requirement = "(>= 1.1.0)" },
    "S7",
    { name = "scales", requirement = "(>= 1.4.0)" },
    { name = "vctrs", requirement = "(>= 0.6.0)" },
    { name = "withr", requirement = "(>= 2.5.0)" },
]

[[packages]]
name = "glue"
version = "1.8.1"
source = { repository = "https://packagemanager.posit.co/cran/latest" }
force_source = false
dependencies = []

[[packages]]
name = "gtable"
version = "0.3.6"
source = { repository = "https://packagemanager.posit.co/cran/latest" }
force_source = false
dependencies = [
    "cli",
    "glue",
    "lifecycle",
    { name = "rlang", requirement = "(>= 1.1.0)" },
]

[[packages]]
name = "highr"
version = "0.12"
source = { repository = "https://packagemanager.posit.co/cran/latest" }
force_source = false
dependencies = [
    { name = "xfun", requirement = "(>= 0.18)" },
]

[[packages]]
name = "htmltools"
version = "0.5.9"
source = { repository = "https://packagemanager.posit.co/cran/latest" }
force_source = false
dependencies = [
    "base64enc",
    "digest",
    { name = "fastmap", requirement = "(>= 1.1.0)" },
    { name = "rlang", requirement = "(>= 1.0.0)" },
]

[[packages]]
name = "insight"
version = "1.5.1"
source = { repository = "https://packagemanager.posit.co/cran/latest" }
force_source = false
dependencies = []

[[packages]]
name = "isoband"
version = "0.3.0"
source = { repository = "https://packagemanager.posit.co/cran/latest" }
force_source = false
dependencies = [
    "cli",
    "rlang",
    "cpp11",
]

[[packages]]
name = "jquerylib"
version = "0.1.4"
source = { repository = "https://packagemanager.posit.co/cran/latest" }
force_source = false
dependencies = [
    "htmltools",
]

[[packages]]
name = "jsonlite"
version = "2.0.0"
source = { repository = "https://packagemanager.posit.co/cran/latest" }
force_source = false
dependencies = []

[[packages]]
name = "knitr"
version = "1.51"
source = { repository = "https://packagemanager.posit.co/cran/latest" }
force_source = false
dependencies = [
    { name = "evaluate", requirement = "(>= 0.15)" },
    { name = "highr", requirement = "(>= 0.11)" },
    { name = "xfun", requirement = "(>= 0.52)" },
    { name = "yaml", requirement = "(>= 2.1.19)" },
]

[[packages]]
name = "labeling"
version = "0.4.3"
source = { repository = "https://packagemanager.posit.co/cran/latest" }
force_source = false
dependencies = []

[[packages]]
name = "lifecycle"
version = "1.0.5"
source = { repository = "https://packagemanager.posit.co/cran/latest" }
force_source = false
dependencies = [
    { name = "cli", requirement = "(>= 3.4.0)" },
    { name = "rlang", requirement = "(>= 1.1.0)" },
]

[[packages]]
name = "magrittr"
version = "2.0.5"
source = { repository = "https://packagemanager.posit.co/cran/latest" }
force_source = false
dependencies = []

[[packages]]
name = "memoise"
version = "2.0.1"
source = { repository = "https://packagemanager.posit.co/cran/latest" }
force_source = false
dependencies = [
    { name = "rlang", requirement = "(>= 0.4.10)" },
    "cachem",
]

[[packages]]
name = "mime"
version = "0.13"
source = { repository = "https://packagemanager.posit.co/cran/latest" }
force_source = false
dependencies = []

[[packages]]
name = "modelsummary"
version = "2.6.0"
source = { repository = "https://packagemanager.posit.co/cran/latest" }
force_source = false
dependencies = [
    { name = "checkmate", requirement = "(>= 2.3.1)" },
    { name = "data.table", requirement = "(>= 1.17.8)" },
    "generics",
    "glue",
    { name = "insight", requirement = "(>= 1.4.0)" },
    { name = "parameters", requirement = "(>= 0.28.0)" },
    { name = "performance", requirement = "(>= 0.15.0)" },
    { name = "tables", requirement = "(>= 0.9.31)" },
    { name = "tinytable", requirement = "(>= 0.16.0)" },
]

[[packages]]
name = "parameters"
version = "0.29.1"
source = { repository = "https://packagemanager.posit.co/cran/latest" }
force_source = false
dependencies = [
    { name = "bayestestR", requirement = "(>= 0.17.0)" },
    { name = "datawizard", requirement = "(>= 1.3.1)" },
    { name = "insight", requirement = "(>= 1.5.0)" },
]

[[packages]]
name = "performance"
version = "0.17.0"
source = { repository = "https://packagemanager.posit.co/cran/latest" }
force_source = false
dependencies = [
    { name = "bayestestR", requirement = "(>= 0.17.0)" },
    { name = "insight", requirement = "(>= 1.5.0)" },
    { name = "datawizard", requirement = "(>= 1.3.1)" },
]

[[packages]]
name = "pillar"
version = "1.11.1"
source = { repository = "https://packagemanager.posit.co/cran/latest" }
force_source = false
dependencies = [
    { name = "cli", requirement = "(>= 2.3.0)" },
    "glue",
    "lifecycle",
    { name = "rlang", requirement = "(>= 1.0.2)" },
    { name = "utf8", requirement = "(>= 1.1.0)" },
    { name = "vctrs", requirement = "(>= 0.5.0)" },
]

[[packages]]
name = "pkgconfig"
version = "2.0.3"
source = { repository = "https://packagemanager.posit.co/cran/latest" }
force_source = false
dependencies = []

[[packages]]
name = "purrr"
version = "1.2.2"
source = { repository = "https://packagemanager.posit.co/cran/latest" }
force_source = false
dependencies = [
    { name = "cli", requirement = "(>= 3.6.1)" },
    { name = "lifecycle", requirement = "(>= 1.0.3)" },
    { name = "magrittr", requirement = "(>= 1.5.0)" },
    { name = "rlang", requirement = "(>= 1.1.1)" },
    { name = "vctrs", requirement = "(>= 0.6.3)" },
]

[[packages]]
name = "rappdirs"
version = "0.3.4"
source = { repository = "https://packagemanager.posit.co/cran/latest" }
force_source = false
dependencies = []

[[packages]]
name = "rlang"
version = "1.2.0"
source = { repository = "https://packagemanager.posit.co/cran/latest" }
force_source = false
dependencies = []

[[packages]]
name = "rmarkdown"
version = "2.31"
source = { repository = "https://packagemanager.posit.co/cran/latest" }
force_source = false
dependencies = [
    { name = "bslib", requirement = "(>= 0.2.5.1)" },
    { name = "evaluate", requirement = "(>= 0.13)" },
    { name = "fontawesome", requirement = "(>= 0.5.0)" },
    { name = "htmltools", requirement = "(>= 0.5.1)" },
    "jquerylib",
    "jsonlite",
    { name = "knitr", requirement = "(>= 1.43)" },
    { name = "tinytex", requirement = "(>= 0.31)" },
    { name = "xfun", requirement = "(>= 0.36)" },
    { name = "yaml", requirement = "(>= 2.1.19)" },
]

[[packages]]
name = "sass"
version = "0.4.10"
source = { repository = "https://packagemanager.posit.co/cran/latest" }
force_source = false
dependencies = [
    { name = "fs", requirement = "(>= 1.2.4)" },
    { name = "rlang", requirement = "(>= 0.4.10)" },
    { name = "htmltools", requirement = "(>= 0.5.1)" },
    "R6",
    "rappdirs",
]

[[packages]]
name = "scales"
version = "1.4.0"
source = { repository = "https://packagemanager.posit.co/cran/latest" }
force_source = false
dependencies = [
    "cli",
    { name = "farver", requirement = "(>= 2.0.3)" },
    "glue",
    "labeling",
    "lifecycle",
    "R6",
    "RColorBrewer",
    { name = "rlang", requirement = "(>= 1.1.0)" },
    "viridisLite",
]

[[packages]]
name = "showtext"
version = "0.9-8"
source = { repository = "https://packagemanager.posit.co/cran/latest" }
force_source = false
dependencies = [
    { name = "sysfonts", requirement = "(>= 0.7.1)" },
    { name = "showtextdb", requirement = "(>= 2.0)" },
]

[[packages]]
name = "showtextdb"
version = "3.0"
source = { repository = "https://packagemanager.posit.co/cran/latest" }
force_source = false
dependencies = [
    { name = "sysfonts", requirement = "(>= 0.7)" },
]

[[packages]]
name = "stringi"
version = "1.8.7"
source = { repository = "https://packagemanager.posit.co/cran/latest" }
force_source = false
dependencies = []

[[packages]]
name = "stringr"
version = "1.6.0"
source = { repository = "https://packagemanager.posit.co/cran/latest" }
force_source = false
dependencies = [
    "cli",
    { name = "glue", requirement = "(>= 1.6.1)" },
    { name = "lifecycle", requirement = "(>= 1.0.3)" },
    "magrittr",
    { name = "rlang", requirement = "(>= 1.0.0)" },
    { name = "stringi", requirement = "(>= 1.5.3)" },
    { name = "vctrs", requirement = "(>= 0.4.0)" },
]

[[packages]]
name = "sysfonts"
version = "0.8.9"
source = { repository = "https://packagemanager.posit.co/cran/latest" }
force_source = false
dependencies = []

[[packages]]
name = "tables"
version = "0.9.35"
source = { repository = "https://packagemanager.posit.co/cran/latest" }
force_source = false
dependencies = [
    "knitr",
    "htmltools",
]

[[packages]]
name = "tibble"
version = "3.3.1"
source = { repository = "https://packagemanager.posit.co/cran/latest" }
force_source = false
dependencies = [
    "cli",
    { name = "lifecycle", requirement = "(>= 1.0.0)" },
    "magrittr",
    { name = "pillar", requirement = "(>= 1.8.1)" },
    "pkgconfig",
    { name = "rlang", requirement = "(>= 1.0.2)" },
    { name = "vctrs", requirement = "(>= 0.5.0)" },
]

[[packages]]
name = "tidyr"
version = "1.3.2"
source = { repository = "https://packagemanager.posit.co/cran/latest" }
force_source = false
dependencies = [
    { name = "cli", requirement = "(>= 3.4.1)" },
    { name = "dplyr", requirement = "(>= 1.1.0)" },
    "glue",
    { name = "lifecycle", requirement = "(>= 1.0.3)" },
    "magrittr",
    { name = "purrr", requirement = "(>= 1.0.1)" },
    { name = "rlang", requirement = "(>= 1.1.1)" },
    { name = "stringr", requirement = "(>= 1.5.0)" },
    { name = "tibble", requirement = "(>= 2.1.1)" },
    { name = "tidyselect", requirement = "(>= 1.2.1)" },
    { name = "vctrs", requirement = "(>= 0.5.2)" },
    { name = "cpp11", requirement = "(>= 0.4.0)" },
]

[[packages]]
name = "tidyselect"
version = "1.2.1"
source = { repository = "https://packagemanager.posit.co/cran/latest" }
force_source = false
dependencies = [
    { name = "cli", requirement = "(>= 3.3.0)" },
    { name = "glue", requirement = "(>= 1.3.0)" },
    { name = "lifecycle", requirement = "(>= 1.0.3)" },
    { name = "rlang", requirement = "(>= 1.0.4)" },
    { name = "vctrs", requirement = "(>= 0.5.2)" },
    "withr",
]

[[packages]]
name = "tinytable"
version = "0.16.0"
source = { repository = "https://packagemanager.posit.co/cran/latest" }
force_source = false
dependencies = []

[[packages]]
name = "tinytex"
version = "0.60"
source = { repository = "https://packagemanager.posit.co/cran/latest" }
force_source = false
dependencies = [
    { name = "xfun", requirement = "(>= 0.48)" },
]

[[packages]]
name = "utf8"
version = "1.2.6"
source = { repository = "https://packagemanager.posit.co/cran/latest" }
force_source = false
dependencies = []

[[packages]]
name = "vctrs"
version = "0.7.3"
source = { repository = "https://packagemanager.posit.co/cran/latest" }
force_source = false
dependencies = [
    { name = "cli", requirement = "(>= 3.4.0)" },
    "glue",
    { name = "lifecycle", requirement = "(>= 1.0.3)" },
    { name = "rlang", requirement = "(>= 1.1.7)" },
]

[[packages]]
name = "viridisLite"
version = "0.4.3"
source = { repository = "https://packagemanager.posit.co/cran/latest" }
force_source = false
dependencies = []

[[packages]]
name = "withr"
version = "3.0.2"
source = { repository = "https://packagemanager.posit.co/cran/latest" }
force_source = false
dependencies = []

[[packages]]
name = "xfun"
version = "0.58"
source = { repository = "https://packagemanager.posit.co/cran/latest" }
force_source = false
dependencies = []

[[packages]]
name = "yaml"
version = "2.3.12"
source = { repository = "https://packagemanager.posit.co/cran/latest" }
force_source = false
dependencies = []
